// !$*UTF8*$!
{
	archiveVersion = 1;
	classes = {
	};
	objectVersion = 77;
	objects = {

/* Begin PBXContainerItemProxy section */
		5D5BAFB42E1722D1007E4B70 /* PBXContainerItemProxy */ = {
			isa = PBXContainerItemProxy;
			containerPortal = 5D5BAF9E2E1722CE007E4B70 /* Project object */;
			proxyType = 1;
			remoteGlobalIDString = 5D5BAFA52E1722CE007E4B70;
			remoteInfo = foundationmodel;
		};
		5D5BAFBE2E1722D1007E4B70 /* PBXContainerItemProxy */ = {
			isa = PBXContainerItemProxy;
			containerPortal = 5D5BAF9E2E1722CE007E4B70 /* Project object */;
			proxyType = 1;
			remoteGlobalIDString = 5D5BAFA52E1722CE007E4B70;
			remoteInfo = foundationmodel;
		};
/* End PBXContainerItemProxy section */

/* Begin PBXFileReference section */
		5D5BAFA62E1722CE007E4B70 /* foundationmodel.app */ = {isa = PBXFileReference; explicitFileType = wrapper.application; includeInIndex = 0; path = foundationmodel.app; sourceTree = BUILT_PRODUCTS_DIR; };
		5D5BAFB32E1722D1007E4B70 /* foundationmodelTests.xctest */ = {isa = PBXFileReference; explicitFileType = wrapper.cfbundle; includeInIndex = 0; path = foundationmodelTests.xctest; sourceTree = BUILT_PRODUCTS_DIR; };
		5D5BAFBD2E1722D1007E4B70 /* foundationmodelUITests.xctest */ = {isa = PBXFileReference; explicitFileType = wrapper.cfbundle; includeInIndex = 0; path = foundationmodelUITests.xctest; sourceTree = BUILT_PRODUCTS_DIR; };
/* End PBXFileReference section */

/* Begin PBXFileSystemSynchronizedRootGroup section */
		5D5BAFA82E1722CE007E4B70 /* foundationmodel */ = {
			isa = PBXFileSystemSynchronizedRootGroup;
			path = foundationmodel;
			sourceTree = "<group>";
		};
		5D5BAFB62E1722D1007E4B70 /* foundationmodelTests */ = {
			isa = PBXFileSystemSynchronizedRootGroup;
			path = foundationmodelTests;
			sourceTree = "<group>";
		};
		5D5BAFC02E1722D1007E4B70 /* foundationmodelUITests */ = {
			isa = PBXFileSystemSynchronizedRootGroup;
			path = foundationmodelUITests;
			sourceTree = "<group>";
		};
/* End PBXFileSystemSynchronizedRootGroup section */

/* Begin PBXFrameworksBuildPhase section */
		5D5BAFA32E1722CE007E4B70 /* Frameworks */ = {
			isa = PBXFrameworksBuildPhase;
			buildActionMask = 2147483647;
			files = (
			);
			runOnlyForDeploymentPostprocessing = 0;
		};
		5D5BAFB02E1722D1007E4B70 /* Frameworks */ = {
			isa = PBXFrameworksBuildPhase;
			buildActionMask = 2147483647;
			files = (
			);
			runOnlyForDeploymentPostprocessing = 0;
		};
		5D5BAFBA2E1722D1007E4B70 /* Frameworks */ = {
			isa = PBXFrameworksBuildPhase;
			buildActionMask = 2147483647;
			files = (
			);
			runOnlyForDeploymentPostprocessing = 0;
		};
/* End PBXFrameworksBuildPhase section */

/* Begin PBXGroup section */
		5D5BAF9D2E1722CE007E4B70 = {
			isa = PBXGroup;
			children = (
				5D5BAFA82E1722CE007E4B70 /* foundationmodel */,
				5D5BAFB62E1722D1007E4B70 /* foundationmodelTests */,
				5D5BAFC02E1722D1007E4B70 /* foundationmodelUITests */,
				5D5BAFA72E1722CE007E4B70 /* Products */,
			);
			sourceTree = "<group>";
		};
		5D5BAFA72E1722CE007E4B70 /* Products */ = {
			isa = PBXGroup;
			children = (
				5D5BAFA62E1722CE007E4B70 /* foundationmodel.app */,
				5D5BAFB32E1722D1007E4B70 /* foundationmodelTests.xctest */,
				5D5BAFBD2E1722D1007E4B70 /* foundationmodelUITests.xctest */,
			);
			name = Products;
			sourceTree = "<group>";
		};
/* End PBXGroup section */

/* Begin PBXNativeTarget section */
		5D5BAFA52E1722CE007E4B70 /* foundationmodel */ = {
			isa = PBXNativeTarget;
			buildConfigurationList = 5D5BAFC72E1722D1007E4B70 /* Build configuration list for PBXNativeTarget "foundationmodel" */;
			buildPhases = (
				5D5BAFA22E1722CE007E4B70 /* Sources */,
				5D5BAFA32E1722CE007E4B70 /* Frameworks */,
				5D5BAFA42E1722CE007E4B70 /* Resources */,
			);
			buildRules = (
			);
			dependencies = (
			);
			fileSystemSynchronizedGroups = (
				5D5BAFA82E1722CE007E4B70 /* foundationmodel */,
			);
			name = foundationmodel;
			packageProductDependencies = (
			);
			productName = foundationmodel;
			productReference = 5D5BAFA62E1722CE007E4B70 /* foundationmodel.app */;
			productType = "com.apple.product-type.application";
		};
		5D5BAFB22E1722D1007E4B70 /* foundationmodelTests */ = {
			isa = PBXNativeTarget;
			buildConfigurationList = 5D5BAFCA2E1722D1007E4B70 /* Build configuration list for PBXNativeTarget "foundationmodelTests" */;
			buildPhases = (
				5D5BAFAF2E1722D1007E4B70 /* Sources */,
				5D5BAFB02E1722D1007E4B70 /* Frameworks */,
				5D5BAFB12E1722D1007E4B70 /* Resources */,
			);
			buildRules = (
			);
			dependencies = (
				5D5BAFB52E1722D1007E4B70 /* PBXTargetDependency */,
			);
			fileSystemSynchronizedGroups = (
				5D5BAFB62E1722D1007E4B70 /* foundationmodelTests */,
			);
			name = foundationmodelTests;
			packageProductDependencies = (
			);
			productName = foundationmodelTests;
			productReference = 5D5BAFB32E1722D1007E4B70 /* foundationmodelTests.xctest */;
			productType = "com.apple.product-type.bundle.unit-test";
		};
		5D5BAFBC2E1722D1007E4B70 /* foundationmodelUITests */ = {
			isa = PBXNativeTarget;
			buildConfigurationList = 5D5BAFCD2E1722D1007E4B70 /* Build configuration list for PBXNativeTarget "foundationmodelUITests" */;
			buildPhases = (
				5D5BAFB92E1722D1007E4B70 /* Sources */,
				5D5BAFBA2E1722D1007E4B70 /* Frameworks */,
				5D5BAFBB2E1722D1007E4B70 /* Resources */,
			);
			buildRules = (
			);
			dependencies = (
				5D5BAFBF2E1722D1007E4B70 /* PBXTargetDependency */,
			);
			fileSystemSynchronizedGroups = (
				5D5BAFC02E1722D1007E4B70 /* foundationmodelUITests */,
			);
			name = foundationmodelUITests;
			packageProductDependencies = (
			);
			productName = foundationmodelUITests;
			productReference = 5D5BAFBD2E1722D1007E4B70 /* foundationmodelUITests.xctest */;
			productType = "com.apple.product-type.bundle.ui-testing";
		};
/* End PBXNativeTarget section */

/* Begin PBXProject section */
		5D5BAF9E2E1722CE007E4B70 /* Project object */ = {
			isa = PBXProject;
			attributes = {
				BuildIndependentTargetsInParallel = 1;
				LastSwiftUpdateCheck = 1640;
				LastUpgradeCheck = 1640;
				TargetAttributes = {
					5D5BAFA52E1722CE007E4B70 = {
						CreatedOnToolsVersion = 16.4;
					};
					5D5BAFB22E1722D1007E4B70 = {
						CreatedOnToolsVersion = 16.4;
						TestTargetID = 5D5BAFA52E1722CE007E4B70;
					};
					5D5BAFBC2E1722D1007E4B70 = {
						CreatedOnToolsVersion = 16.4;
						TestTargetID = 5D5BAFA52E1722CE007E4B70;
					};
				};
			};
			buildConfigurationList = 5D5BAFA12E1722CE007E4B70 /* Build configuration list for PBXProject "foundationmodel" */;
			developmentRegion = en;
			hasScannedForEncodings = 0;
			knownRegions = (
				en,
				Base,
			);
			mainGroup = 5D5BAF9D2E1722CE007E4B70;
			minimizedProjectReferenceProxies = 1;
			preferredProjectObjectVersion = 77;
			productRefGroup = 5D5BAFA72E1722CE007E4B70 /* Products */;
			projectDirPath = "";
			projectRoot = "";
			targets = (
				5D5BAFA52E1722CE007E4B70 /* foundationmodel */,
				5D5BAFB22E1722D1007E4B70 /* foundationmodelTests */,
				5D5BAFBC2E1722D1007E4B70 /* foundationmodelUITests */,
			);
		};
/* End PBXProject section */

/* Begin PBXResourcesBuildPhase section */
		5D5BAFA42E1722CE007E4B70 /* Resources */ = {
			isa = PBXResourcesBuildPhase;
			buildActionMask = 2147483647;
			files = (
			);
			runOnlyForDeploymentPostprocessing = 0;
		};
		5D5BAFB12E1722D1007E4B70 /* Resources */ = {
			isa = PBXResourcesBuildPhase;
			buildActionMask = 2147483647;
			files = (
			);
			runOnlyForDeploymentPostprocessing = 0;
		};
		5D5BAFBB2E1722D1007E4B70 /* Resources */ = {
			isa = PBXResourcesBuildPhase;
			buildActionMask = 2147483647;
			files = (
			);
			runOnlyForDeploymentPostprocessing = 0;
		};
/* End PBXResourcesBuildPhase section */

/* Begin PBXSourcesBuildPhase section */
		5D5BAFA22E1722CE007E4B70 /* Sources */ = {
			isa = PBXSourcesBuildPhase;
			buildActionMask = 2147483647;
			files = (
			);
			runOnlyForDeploymentPostprocessing = 0;
		};
		5D5BAFAF2E1722D1007E4B70 /* Sources */ = {
			isa = PBXSourcesBuildPhase;
			buildActionMask = 2147483647;
			files = (
			);
			runOnlyForDeploymentPostprocessing = 0;
		};
		5D5BAFB92E1722D1007E4B70 /* Sources */ = {
			isa = PBXSourcesBuildPhase;
			buildActionMask = 2147483647;
			files = (
			);
			runOnlyForDeploymentPostprocessing = 0;
		};
/* End PBXSourcesBuildPhase section */

/* Begin PBXTargetDependency section */
		5D5BAFB52E1722D1007E4B70 /* PBXTargetDependency */ = {
			isa = PBXTargetDependency;
			target = 5D5BAFA52E1722CE007E4B70 /* foundationmodel */;
			targetProxy = 5D5BAFB42E1722D1007E4B70 /* PBXContainerItemProxy */;
		};
		5D5BAFBF2E1722D1007E4B70 /* PBXTargetDependency */ = {
			isa = PBXTargetDependency;
			target = 5D5BAFA52E1722CE007E4B70 /* foundationmodel */;
			targetProxy = 5D5BAFBE2E1722D1007E4B70 /* PBXContainerItemProxy */;
		};
/* End PBXTargetDependency section */

/* Begin XCBuildConfiguration section */
		5D5BAFC52E1722D1007E4B70 /* Debug */ = {
			isa = XCBuildConfiguration;
			buildSettings = {
				ALWAYS_SEARCH_USER_PATHS = NO;
				ASSETCATALOG_COMPILER_GENERATE_SWIFT_ASSET_SYMBOL_EXTENSIONS = YES;
				CLANG_ANALYZER_NONNULL = YES;
				CLANG_ANALYZER_NUMBER_OBJECT_CONVERSION = YES_AGGRESSIVE;
				CLANG_CXX_LANGUAGE_STANDARD = "gnu++20";
				CLANG_ENABLE_MODULES = YES;
				CLANG_ENABLE_OBJC_ARC = YES;
				CLANG_ENABLE_OBJC_WEAK = YES;
				CLANG_WARN_BLOCK_CAPTURE_AUTORELEASING = YES;
				CLANG_WARN_BOOL_CONVERSION = YES;
				CLANG_WARN_COMMA = YES;
				CLANG_WARN_CONSTANT_CONVERSION = YES;
				CLANG_WARN_DEPRECATED_OBJC_IMPLEMENTATIONS = YES;
				CLANG_WARN_DIRECT_OBJC_ISA_USAGE = YES_ERROR;
				CLANG_WARN_DOCUMENTATION_COMMENTS = YES;
				CLANG_WARN_EMPTY_BODY = YES;
				CLANG_WARN_ENUM_CONVERSION = YES;
				CLANG_WARN_INFINITE_RECURSION = YES;
				CLANG_WARN_INT_CONVERSION = YES;
				CLANG_WARN_NON_LITERAL_NULL_CONVERSION = YES;
				CLANG_WARN_OBJC_IMPLICIT_RETAIN_SELF = YES;
				CLANG_WARN_OBJC_LITERAL_CONVERSION = YES;
				CLANG_WARN_OBJC_ROOT_CLASS = YES_ERROR;
				CLANG_WARN_QUOTED_INCLUDE_IN_FRAMEWORK_HEADER = YES;
				CLANG_WARN_RANGE_LOOP_ANALYSIS = YES;
				CLANG_WARN_STRICT_PROTOTYPES = YES;
				CLANG_WARN_SUSPICIOUS_MOVE = YES;
				CLANG_WARN_UNGUARDED_AVAILABILITY = YES_AGGRESSIVE;
				CLANG_WARN_UNREACHABLE_CODE = YES;
				CLANG_WARN__DUPLICATE_METHOD_MATCH = YES;
				COPY_PHASE_STRIP = NO;
				DEBUG_INFORMATION_FORMAT = dwarf;
				DEVELOPMENT_TEAM = JCNQ7PD5N2;
				ENABLE_STRICT_OBJC_MSGSEND = YES;
				ENABLE_TESTABILITY = YES;
				ENABLE_USER_SCRIPT_SANDBOXING = YES;
				GCC_C_LANGUAGE_STANDARD = gnu17;
				GCC_DYNAMIC_NO_PIC = NO;
				GCC_NO_COMMON_BLOCKS = YES;
				GCC_OPTIMIZATION_LEVEL = 0;
				GCC_PREPROCESSOR_DEFINITIONS = (
					"DEBUG=1",
					"$(inherited)",
				);
				GCC_WARN_64_TO_32_BIT_CONVERSION = YES;
				GCC_WARN_ABOUT_RETURN_TYPE = YES_ERROR;
				GCC_WARN_UNDECLARED_SELECTOR = YES;
				GCC_WARN_UNINITIALIZED_AUTOS = YES_AGGRESSIVE;
				GCC_WARN_UNUSED_FUNCTION = YES;
				GCC_WARN_UNUSED_VARIABLE = YES;
				IPHONEOS_DEPLOYMENT_TARGET = 18.5;
				LOCALIZATION_PREFERS_STRING_CATALOGS = YES;
				MTL_ENABLE_DEBUG_INFO = INCLUDE_SOURCE;
				MTL_FAST_MATH = YES;
				ONLY_ACTIVE_ARCH = YES;
				SDKROOT = iphoneos;
				SWIFT_ACTIVE_COMPILATION_CONDITIONS = "DEBUG $(inherited)";
				SWIFT_OPTIMIZATION_LEVEL = "-Onone";
			};
			name = Debug;
		};
		5D5BAFC62E1722D1007E4B70 /* Release */ = {
			isa = XCBuildConfiguration;
			buildSettings = {
				ALWAYS_SEARCH_USER_PATHS = NO;
				ASSETCATALOG_COMPILER_GENERATE_SWIFT_ASSET_SYMBOL_EXTENSIONS = YES;
				CLANG_ANALYZER_NONNULL = YES;
				CLANG_ANALYZER_NUMBER_OBJECT_CONVERSION = YES_AGGRESSIVE;
				CLANG_CXX_LANGUAGE_STANDARD = "gnu++20";
				CLANG_ENABLE_MODULES = YES;
				CLANG_ENABLE_OBJC_ARC = YES;
				CLANG_ENABLE_OBJC_WEAK = YES;
				CLANG_WARN_BLOCK_CAPTURE_AUTORELEASING = YES;
				CLANG_WARN_BOOL_CONVERSION = YES;
				CLANG_WARN_COMMA = YES;
				CLANG_WARN_CONSTANT_CONVERSION = YES;
				CLANG_WARN_DEPRECATED_OBJC_IMPLEMENTATIONS = YES;
				CLANG_WARN_DIRECT_OBJC_ISA_USAGE = YES_ERROR;
				CLANG_WARN_DOCUMENTATION_COMMENTS = YES;
				CLANG_WARN_EMPTY_BODY = YES;
				CLANG_WARN_ENUM_CONVERSION = YES;
				CLANG_WARN_INFINITE_RECURSION = YES;
				CLANG_WARN_INT_CONVERSION = YES;
				CLANG_WARN_NON_LITERAL_NULL_CONVERSION = YES;
				CLANG_WARN_OBJC_IMPLICIT_RETAIN_SELF = YES;
				CLANG_WARN_OBJC_LITERAL_CONVERSION = YES;
				CLANG_WARN_OBJC_ROOT_CLASS = YES_ERROR;
				CLANG_WARN_QUOTED_INCLUDE_IN_FRAMEWORK_HEADER = YES;
				CLANG_WARN_RANGE_LOOP_ANALYSIS = YES;
				CLANG_WARN_STRICT_PROTOTYPES = YES;
				CLANG_WARN_SUSPICIOUS_MOVE = YES;
				CLANG_WARN_UNGUARDED_AVAILABILITY = YES_AGGRESSIVE;
				CLANG_WARN_UNREACHABLE_CODE = YES;
				CLANG_WARN__DUPLICATE_METHOD_MATCH = YES;
				COPY_PHASE_STRIP = NO;
				DEBUG_INFORMATION_FORMAT = "dwarf-with-dsym";
				DEVELOPMENT_TEAM = JCNQ7PD5N2;
				ENABLE_NS_ASSERTIONS = NO;
				ENABLE_STRICT_OBJC_MSGSEND = YES;
				ENABLE_USER_SCRIPT_SANDBOXING = YES;
				GCC_C_LANGUAGE_STANDARD = gnu17;
				GCC_NO_COMMON_BLOCKS = YES;
				GCC_WARN_64_TO_32_BIT_CONVERSION = YES;
				GCC_WARN_ABOUT_RETURN_TYPE = YES_ERROR;
				GCC_WARN_UNDECLARED_SELECTOR = YES;
				GCC_WARN_UNINITIALIZED_AUTOS = YES_AGGRESSIVE;
				GCC_WARN_UNUSED_FUNCTION = YES;
				GCC_WARN_UNUSED_VARIABLE = YES;
				IPHONEOS_DEPLOYMENT_TARGET = 18.5;
				LOCALIZATION_PREFERS_STRING_CATALOGS = YES;
				MTL_ENABLE_DEBUG_INFO = NO;
				MTL_FAST_MATH = YES;
				SDKROOT = iphoneos;
				SWIFT_COMPILATION_MODE = wholemodule;
				VALIDATE_PRODUCT = YES;
			};
			name = Release;
		};
		5D5BAFC82E1722D1007E4B70 /* Debug */ = {
			isa = XCBuildConfiguration;
			buildSettings = {
				ASSETCATALOG_COMPILER_APPICON_NAME = AppIcon;
				ASSETCATALOG_COMPILER_GLOBAL_ACCENT_COLOR_NAME = AccentColor;
				CODE_SIGN_STYLE = Automatic;
				CURRENT_PROJECT_VERSION = 1;
				DEVELOPMENT_TEAM = JCNQ7PD5N2;
				ENABLE_PREVIEWS = YES;
				GENERATE_INFOPLIST_FILE = YES;
				INFOPLIST_KEY_UIApplicationSceneManifest_Generation = YES;
				INFOPLIST_KEY_UIApplicationSupportsIndirectInputEvents = YES;
				INFOPLIST_KEY_UILaunchScreen_Generation = YES;
				INFOPLIST_KEY_UISupportedInterfaceOrientations_iPad = "UIInterfaceOrientationPortrait UIInterfaceOrientationPortraitUpsideDown UIInterfaceOrientationLandscapeLeft UIInterfaceOrientationLandscapeRight";
				INFOPLIST_KEY_UISupportedInterfaceOrientations_iPhone = "UIInterfaceOrientationPortrait UIInterfaceOrientationLandscapeLeft UIInterfaceOrientationLandscapeRight";
				LD_RUNPATH_SEARCH_PATHS = (
					"$(inherited)",
					"@executable_path/Frameworks",
				);
				MARKETING_VERSION = 1.0;
				PRODUCT_BUNDLE_IDENTIFIER = Swiftcrew.foundationmodel;
				PRODUCT_NAME = "$(TARGET_NAME)";
				SWIFT_EMIT_LOC_STRINGS = YES;
				SWIFT_VERSION = 5.0;
				TARGETED_DEVICE_FAMILY = "1,2";
			};
			name = Debug;
		};
		5D5BAFC92E1722D1007E4B70 /* Release */ = {
			isa = XCBuildConfiguration;
			buildSettings = {
				ASSETCATALOG_COMPILER_APPICON_NAME = AppIcon;
				ASSETCATALOG_COMPILER_GLOBAL_ACCENT_COLOR_NAME = AccentColor;
				CODE_SIGN_STYLE = Automatic;
				CURRENT_PROJECT_VERSION = 1;
				DEVELOPMENT_TEAM = JCNQ7PD5N2;
				ENABLE_PREVIEWS = YES;
				GENERATE_INFOPLIST_FILE = YES;
				INFOPLIST_KEY_UIApplicationSceneManifest_Generation = YES;
				INFOPLIST_KEY_UIApplicationSupportsIndirectInputEvents = YES;
				INFOPLIST_KEY_UILaunchScreen_Generation = YES;
				INFOPLIST_KEY_UISupportedInterfaceOrientations_iPad = "UIInterfaceOrientationPortrait UIInterfaceOrientationPortraitUpsideDown UIInterfaceOrientationLandscapeLeft UIInterfaceOrientationLandscapeRight";
				INFOPLIST_KEY_UISupportedInterfaceOrientations_iPhone = "UIInterfaceOrientationPortrait UIInterfaceOrientationLandscapeLeft UIInterfaceOrientationLandscapeRight";
				LD_RUNPATH_SEARCH_PATHS = (
					"$(inherited)",
					"@executable_path/Frameworks",
				);
				MARKETING_VERSION = 1.0;
				PRODUCT_BUNDLE_IDENTIFIER = Swiftcrew.foundationmodel;
				PRODUCT_NAME = "$(TARGET_NAME)";
				SWIFT_EMIT_LOC_STRINGS = YES;
				SWIFT_VERSION = 5.0;
				TARGETED_DEVICE_FAMILY = "1,2";
			};
			name = Release;
		};
		5D5BAFCB2E1722D1007E4B70 /* Debug */ = {
			isa = XCBuildConfiguration;
			buildSettings = {
				BUNDLE_LOADER = "$(TEST_HOST)";
				CODE_SIGN_STYLE = Automatic;
				CURRENT_PROJECT_VERSION = 1;
				DEVELOPMENT_TEAM = JCNQ7PD5N2;
				GENERATE_INFOPLIST_FILE = YES;
				IPHONEOS_DEPLOYMENT_TARGET = 18.5;
				MARKETING_VERSION = 1.0;
				PRODUCT_BUNDLE_IDENTIFIER = Swiftcrew.foundationmodelTests;
				PRODUCT_NAME = "$(TARGET_NAME)";
				SWIFT_EMIT_LOC_STRINGS = NO;
				SWIFT_VERSION = 5.0;
				TARGETED_DEVICE_FAMILY = "1,2";
				TEST_HOST = "$(BUILT_PRODUCTS_DIR)/foundationmodel.app/$(BUNDLE_EXECUTABLE_FOLDER_PATH)/foundationmodel";
			};
			name = Debug;
		};
		5D5BAFCC2E1722D1007E4B70 /* Release */ = {
			isa = XCBuildConfiguration;
			buildSettings = {
				BUNDLE_LOADER = "$(TEST_HOST)";
				CODE_SIGN_STYLE = Automatic;
				CURRENT_PROJECT_VERSION = 1;
				DEVELOPMENT_TEAM = JCNQ7PD5N2;
				GENERATE_INFOPLIST_FILE = YES;
				IPHONEOS_DEPLOYMENT_TARGET = 18.5;
				MARKETING_VERSION = 1.0;
				PRODUCT_BUNDLE_IDENTIFIER = Swiftcrew.foundationmodelTests;
				PRODUCT_NAME = "$(TARGET_NAME)";
				SWIFT_EMIT_LOC_STRINGS = NO;
				SWIFT_VERSION = 5.0;
				TARGETED_DEVICE_FAMILY = "1,2";
				TEST_HOST = "$(BUILT_PRODUCTS_DIR)/foundationmodel.app/$(BUNDLE_EXECUTABLE_FOLDER_PATH)/foundationmodel";
			};
			name = Release;
		};
		5D5BAFCE2E1722D1007E4B70 /* Debug */ = {
			isa = XCBuildConfiguration;
			buildSettings = {
				CODE_SIGN_STYLE = Automatic;
				CURRENT_PROJECT_VERSION = 1;
				DEVELOPMENT_TEAM = JCNQ7PD5N2;
				GENERATE_INFOPLIST_FILE = YES;
				MARKETING_VERSION = 1.0;
				PRODUCT_BUNDLE_IDENTIFIER = Swiftcrew.foundationmodelUITests;
				PRODUCT_NAME = "$(TARGET_NAME)";
				SWIFT_EMIT_LOC_STRINGS = NO;
				SWIFT_VERSION = 5.0;
				TARGETED_DEVICE_FAMILY = "1,2";
				TEST_TARGET_NAME = foundationmodel;
			};
			name = Debug;
		};
		5D5BAFCF2E1722D1007E4B70 /* Release */ = {
			isa = XCBuildConfiguration;
			buildSettings = {
				CODE_SIGN_STYLE = Automatic;
				CURRENT_PROJECT_VERSION = 1;
				DEVELOPMENT_TEAM = JCNQ7PD5N2;
				GENERATE_INFOPLIST_FILE = YES;
				MARKETING_VERSION = 1.0;
				PRODUCT_BUNDLE_IDENTIFIER = Swiftcrew.foundationmodelUITests;
				PRODUCT_NAME = "$(TARGET_NAME)";
				SWIFT_EMIT_LOC_STRINGS = NO;
				SWIFT_VERSION = 5.0;
				TARGETED_DEVICE_FAMILY = "1,2";
				TEST_TARGET_NAME = foundationmodel;
			};
			name = Release;
		};
/* End XCBuildConfiguration section */

/* Begin XCConfigurationList section */
		5D5BAFA12E1722CE007E4B70 /* Build configuration list for PBXProject "foundationmodel" */ = {
			isa = XCConfigurationList;
			buildConfigurations = (
				5D5BAFC52E1722D1007E4B70 /* Debug */,
				5D5BAFC62E1722D1007E4B70 /* Release */,
			);
			defaultConfigurationIsVisible = 0;
			defaultConfigurationName = Release;
		};
		5D5BAFC72E1722D1007E4B70 /* Build configuration list for PBXNativeTarget "foundationmodel" */ = {
			isa = XCConfigurationList;
			buildConfigurations = (
				5D5BAFC82E1722D1007E4B70 /* Debug */,
				5D5BAFC92E1722D1007E4B70 /* Release */,
			);
			defaultConfigurationIsVisible = 0;
			defaultConfigurationName = Release;
		};
		5D5BAFCA2E1722D1007E4B70 /* Build configuration list for PBXNativeTarget "foundationmodelTests" */ = {
			isa = XCConfigurationList;
			buildConfigurations = (
				5D5BAFCB2E1722D1007E4B70 /* Debug */,
				5D5BAFCC2E1722D1007E4B70 /* Release */,
			);
			defaultConfigurationIsVisible = 0;
			defaultConfigurationName = Release;
		};
		5D5BAFCD2E1722D1007E4B70 /* Build configuration list for PBXNativeTarget "foundationmodelUITests" */ = {
			isa = XCConfigurationList;
			buildConfigurations = (
				5D5BAFCE2E1722D1007E4B70 /* Debug */,
				5D5BAFCF2E1722D1007E4B70 /* Release */,
			);
			defaultConfigurationIsVisible = 0;
			defaultConfigurationName = Release;
		};
/* End XCConfigurationList section */
	};
	rootObject = 5D5BAF9E2E1722CE007E4B70 /* Project object */;
}
